// !$*UTF8*$!
{
	archiveVersion = 1;
	classes = {
	};
	objectVersion = 56;
	objects = {

/* Begin PBXBuildFile section */
		9E8496C92B46D97300672529 /* TravelApp.swift in Sources */ = {isa = PBXBuildFile; fileRef = 9E8496C82B46D97300672529 /* TravelApp.swift */; };
		9E8496CB2B46D97300672529 /* ContentView.swift in Sources */ = {isa = PBXBuildFile; fileRef = 9E8496CA2B46D97300672529 /* ContentView.swift */; };
		9E8496CD2B46D97500672529 /* Assets.xcassets in Resources */ = {isa = PBXBuildFile; fileRef = 9E8496CC2B46D97500672529 /* Assets.xcassets */; };
		9E8496D12B46D97500672529 /* Preview Assets.xcassets in Resources */ = {isa = PBXBuildFile; fileRef = 9E8496D02B46D97500672529 /* Preview Assets.xcassets */; };
		9E8496DB2B46D97500672529 /* TravelTests.swift in Sources */ = {isa = PBXBuildFile; fileRef = 9E8496DA2B46D97500672529 /* TravelTests.swift */; };
		9E8496E52B46D97500672529 /* TravelUITests.swift in Sources */ = {isa = PBXBuildFile; fileRef = 9E8496E42B46D97500672529 /* TravelUITests.swift */; };
		9E8496E72B46D97500672529 /* TravelUITestsLaunchTests.swift in Sources */ = {isa = PBXBuildFile; fileRef = 9E8496E62B46D97500672529 /* TravelUITestsLaunchTests.swift */; };
		9EA057DE2B473A21005239FA /* Data.swift in Sources */ = {isa = PBXBuildFile; fileRef = 9EA057DD2B473A21005239FA /* Data.swift */; };
		9EA057DF2B473A21005239FA /* Data.swift in Sources */ = {isa = PBXBuildFile; fileRef = 9EA057DD2B473A21005239FA /* Data.swift */; };
		9EA057E02B473A21005239FA /* Data.swift in Sources */ = {isa = PBXBuildFile; fileRef = 9EA057DD2B473A21005239FA /* Data.swift */; };
		9EA057E22B473A44005239FA /* Travel.swift in Sources */ = {isa = PBXBuildFile; fileRef = 9EA057E12B473A44005239FA /* Travel.swift */; };
		9EA057E32B473A44005239FA /* Travel.swift in Sources */ = {isa = PBXBuildFile; fileRef = 9EA057E12B473A44005239FA /* Travel.swift */; };
		9EA057E42B473A44005239FA /* Travel.swift in Sources */ = {isa = PBXBuildFile; fileRef = 9EA057E12B473A44005239FA /* Travel.swift */; };
		9EA057EA2B473AD5005239FA /* viagens.json in Resources */ = {isa = PBXBuildFile; fileRef = 9EA057E92B473AD5005239FA /* viagens.json */; };
		9EA057EF2B4743C9005239FA /* HeaderView.swift in Sources */ = {isa = PBXBuildFile; fileRef = 9EA057EE2B4743C9005239FA /* HeaderView.swift */; };
		9EA057F12B4744AE005239FA /* TravelItemView.swift in Sources */ = {isa = PBXBuildFile; fileRef = 9EA057F02B4744AE005239FA /* TravelItemView.swift */; };
		9EA057F32B4753AF005239FA /* MapView.swift in Sources */ = {isa = PBXBuildFile; fileRef = 9EA057F22B4753AF005239FA /* MapView.swift */; };
/* End PBXBuildFile section */

/* Begin PBXContainerItemProxy section */
		9E8496D72B46D97500672529 /* PBXContainerItemProxy */ = {
			isa = PBXContainerItemProxy;
			containerPortal = 9E8496BD2B46D97300672529 /* Project object */;
			proxyType = 1;
			remoteGlobalIDString = 9E8496C42B46D97300672529;
			remoteInfo = Travel;
		};
		9E8496E12B46D97500672529 /* PBXContainerItemProxy */ = {
			isa = PBXContainerItemProxy;
			containerPortal = 9E8496BD2B46D97300672529 /* Project object */;
			proxyType = 1;
			remoteGlobalIDString = 9E8496C42B46D97300672529;
			remoteInfo = Travel;
		};
/* End PBXContainerItemProxy section */

/* Begin PBXFileReference section */
		9E8496C52B46D97300672529 /* Travel.app */ = {isa = PBXFileReference; explicitFileType = wrapper.application; includeInIndex = 0; path = Travel.app; sourceTree = BUILT_PRODUCTS_DIR; };
		9E8496C82B46D97300672529 /* TravelApp.swift */ = {isa = PBXFileReference; lastKnownFileType = sourcecode.swift; path = TravelApp.swift; sourceTree = "<group>"; };
		9E8496CA2B46D97300672529 /* ContentView.swift */ = {isa = PBXFileReference; lastKnownFileType = sourcecode.swift; path = ContentView.swift; sourceTree = "<group>"; };
		9E8496CC2B46D97500672529 /* Assets.xcassets */ = {isa = PBXFileReference; lastKnownFileType = folder.assetcatalog; path = Assets.xcassets; sourceTree = "<group>"; };
		9E8496CE2B46D97500672529 /* Travel.entitlements */ = {isa = PBXFileReference; lastKnownFileType = text.plist.entitlements; path = Travel.entitlements; sourceTree = "<group>"; };
		9E8496D02B46D97500672529 /* Preview Assets.xcassets */ = {isa = PBXFileReference; lastKnownFileType = folder.assetcatalog; path = "Preview Assets.xcassets"; sourceTree = "<group>"; };
		9E8496D62B46D97500672529 /* TravelTests.xctest */ = {isa = PBXFileReference; explicitFileType = wrapper.cfbundle; includeInIndex = 0; path = TravelTests.xctest; sourceTree = BUILT_PRODUCTS_DIR; };
		9E8496DA2B46D97500672529 /* TravelTests.swift */ = {isa = PBXFileReference; lastKnownFileType = sourcecode.swift; path = TravelTests.swift; sourceTree = "<group>"; };
		9E8496E02B46D97500672529 /* TravelUITests.xctest */ = {isa = PBXFileReference; explicitFileType = wrapper.cfbundle; includeInIndex = 0; path = TravelUITests.xctest; sourceTree = BUILT_PRODUCTS_DIR; };
		9E8496E42B46D97500672529 /* TravelUITests.swift */ = {isa = PBXFileReference; lastKnownFileType = sourcecode.swift; path = TravelUITests.swift; sourceTree = "<group>"; };
		9E8496E62B46D97500672529 /* TravelUITestsLaunchTests.swift */ = {isa = PBXFileReference; lastKnownFileType = sourcecode.swift; path = TravelUITestsLaunchTests.swift; sourceTree = "<group>"; };
		9EA057DD2B473A21005239FA /* Data.swift */ = {isa = PBXFileReference; lastKnownFileType = sourcecode.swift; path = Data.swift; sourceTree = "<group>"; };
		9EA057E12B473A44005239FA /* Travel.swift */ = {isa = PBXFileReference; lastKnownFileType = sourcecode.swift; path = Travel.swift; sourceTree = "<group>"; };
		9EA057E92B473AD5005239FA /* viagens.json */ = {isa = PBXFileReference; fileEncoding = 4; lastKnownFileType = text.json; path = viagens.json; sourceTree = "<group>"; };
		9EA057EE2B4743C9005239FA /* HeaderView.swift */ = {isa = PBXFileReference; lastKnownFileType = sourcecode.swift; path = HeaderView.swift; sourceTree = "<group>"; };
		9EA057F02B4744AE005239FA /* TravelItemView.swift */ = {isa = PBXFileReference; lastKnownFileType = sourcecode.swift; path = TravelItemView.swift; sourceTree = "<group>"; };
		9EA057F22B4753AF005239FA /* MapView.swift */ = {isa = PBXFileReference; lastKnownFileType = sourcecode.swift; path = MapView.swift; sourceTree = "<group>"; };
/* End PBXFileReference section */

/* Begin PBXFrameworksBuildPhase section */
		9E8496C22B46D97300672529 /* Frameworks */ = {
			isa = PBXFrameworksBuildPhase;
			buildActionMask = 2147483647;
			files = (
			);
			runOnlyForDeploymentPostprocessing = 0;
		};
		9E8496D32B46D97500672529 /* Frameworks */ = {
			isa = PBXFrameworksBuildPhase;
			buildActionMask = 2147483647;
			files = (
			);
			runOnlyForDeploymentPostprocessing = 0;
		};
		9E8496DD2B46D97500672529 /* Frameworks */ = {
			isa = PBXFrameworksBuildPhase;
			buildActionMask = 2147483647;
			files = (
			);
			runOnlyForDeploymentPostprocessing = 0;
		};
/* End PBXFrameworksBuildPhase section */

/* Begin PBXGroup section */
		9E8496BC2B46D97300672529 = {
			isa = PBXGroup;
			children = (
				9E8496C72B46D97300672529 /* Travel */,
				9E8496D92B46D97500672529 /* TravelTests */,
				9E8496E32B46D97500672529 /* TravelUITests */,
				9E8496C62B46D97300672529 /* Products */,
			);
			sourceTree = "<group>";
		};
		9E8496C62B46D97300672529 /* Products */ = {
			isa = PBXGroup;
			children = (
				9E8496C52B46D97300672529 /* Travel.app */,
				9E8496D62B46D97500672529 /* TravelTests.xctest */,
				9E8496E02B46D97500672529 /* TravelUITests.xctest */,
			);
			name = Products;
			sourceTree = "<group>";
		};
		9E8496C72B46D97300672529 /* Travel */ = {
			isa = PBXGroup;
			children = (
				9EA057EB2B474381005239FA /* Views */,
				9EA057E92B473AD5005239FA /* viagens.json */,
				9EA057D82B4739FA005239FA /* Models */,
				9E8496C82B46D97300672529 /* TravelApp.swift */,
				9E8496CA2B46D97300672529 /* ContentView.swift */,
				9E8496CC2B46D97500672529 /* Assets.xcassets */,
				9E8496CE2B46D97500672529 /* Travel.entitlements */,
				9E8496CF2B46D97500672529 /* Preview Content */,
			);
			path = Travel;
			sourceTree = "<group>";
		};
		9E8496CF2B46D97500672529 /* Preview Content */ = {
			isa = PBXGroup;
			children = (
				9E8496D02B46D97500672529 /* Preview Assets.xcassets */,
			);
			path = "Preview Content";
			sourceTree = "<group>";
		};
		9E8496D92B46D97500672529 /* TravelTests */ = {
			isa = PBXGroup;
			children = (
				9E8496DA2B46D97500672529 /* TravelTests.swift */,
			);
			path = TravelTests;
			sourceTree = "<group>";
		};
		9E8496E32B46D97500672529 /* TravelUITests */ = {
			isa = PBXGroup;
			children = (
				9E8496E42B46D97500672529 /* TravelUITests.swift */,
				9E8496E62B46D97500672529 /* TravelUITestsLaunchTests.swift */,
			);
			path = TravelUITests;
			sourceTree = "<group>";
		};
		9EA057D82B4739FA005239FA /* Models */ = {
			isa = PBXGroup;
			children = (
				9EA057DD2B473A21005239FA /* Data.swift */,
				9EA057E12B473A44005239FA /* Travel.swift */,
			);
			path = Models;
			sourceTree = "<group>";
		};
		9EA057EB2B474381005239FA /* Views */ = {
			isa = PBXGroup;
			children = (
				9EA057EE2B4743C9005239FA /* HeaderView.swift */,
				9EA057F02B4744AE005239FA /* TravelItemView.swift */,
				9EA057F22B4753AF005239FA /* MapView.swift */,
			);
			path = Views;
			sourceTree = "<group>";
		};
/* End PBXGroup section */

/* Begin PBXNativeTarget section */
		9E8496C42B46D97300672529 /* Travel */ = {
			isa = PBXNativeTarget;
			buildConfigurationList = 9E8496EA2B46D97500672529 /* Build configuration list for PBXNativeTarget "Travel" */;
			buildPhases = (
				9E8496C12B46D97300672529 /* Sources */,
				9E8496C22B46D97300672529 /* Frameworks */,
				9E8496C32B46D97300672529 /* Resources */,
			);
			buildRules = (
			);
			dependencies = (
			);
			name = Travel;
			productName = Travel;
			productReference = 9E8496C52B46D97300672529 /* Travel.app */;
			productType = "com.apple.product-type.application";
		};
		9E8496D52B46D97500672529 /* TravelTests */ = {
			isa = PBXNativeTarget;
			buildConfigurationList = 9E8496ED2B46D97500672529 /* Build configuration list for PBXNativeTarget "TravelTests" */;
			buildPhases = (
				9E8496D22B46D97500672529 /* Sources */,
				9E8496D32B46D97500672529 /* Frameworks */,
				9E8496D42B46D97500672529 /* Resources */,
			);
			buildRules = (
			);
			dependencies = (
				9E8496D82B46D97500672529 /* PBXTargetDependency */,
			);
			name = TravelTests;
			productName = TravelTests;
			productReference = 9E8496D62B46D97500672529 /* TravelTests.xctest */;
			productType = "com.apple.product-type.bundle.unit-test";
		};
		9E8496DF2B46D97500672529 /* TravelUITests */ = {
			isa = PBXNativeTarget;
			buildConfigurationList = 9E8496F02B46D97500672529 /* Build configuration list for PBXNativeTarget "TravelUITests" */;
			buildPhases = (
				9E8496DC2B46D97500672529 /* Sources */,
				9E8496DD2B46D97500672529 /* Frameworks */,
				9E8496DE2B46D97500672529 /* Resources */,
			);
			buildRules = (
			);
			dependencies = (
				9E8496E22B46D97500672529 /* PBXTargetDependency */,
			);
			name = TravelUITests;
			productName = TravelUITests;
			productReference = 9E8496E02B46D97500672529 /* TravelUITests.xctest */;
			productType = "com.apple.product-type.bundle.ui-testing";
		};
/* End PBXNativeTarget section */

/* Begin PBXProject section */
		9E8496BD2B46D97300672529 /* Project object */ = {
			isa = PBXProject;
			attributes = {
				BuildIndependentTargetsInParallel = 1;
				LastSwiftUpdateCheck = 1510;
				LastUpgradeCheck = 1510;
				TargetAttributes = {
					9E8496C42B46D97300672529 = {
						CreatedOnToolsVersion = 15.1;
					};
					9E8496D52B46D97500672529 = {
						CreatedOnToolsVersion = 15.1;
						TestTargetID = 9E8496C42B46D97300672529;
					};
					9E8496DF2B46D97500672529 = {
						CreatedOnToolsVersion = 15.1;
						TestTargetID = 9E8496C42B46D97300672529;
					};
				};
			};
			buildConfigurationList = 9E8496C02B46D97300672529 /* Build configuration list for PBXProject "Travel" */;
			compatibilityVersion = "Xcode 14.0";
			developmentRegion = en;
			hasScannedForEncodings = 0;
			knownRegions = (
				en,
				Base,
			);
			mainGroup = 9E8496BC2B46D97300672529;
			productRefGroup = 9E8496C62B46D97300672529 /* Products */;
			projectDirPath = "";
			projectRoot = "";
			targets = (
				9E8496C42B46D97300672529 /* Travel */,
				9E8496D52B46D97500672529 /* TravelTests */,
				9E8496DF2B46D97500672529 /* TravelUITests */,
			);
		};
/* End PBXProject section */

/* Begin PBXResourcesBuildPhase section */
		9E8496C32B46D97300672529 /* Resources */ = {
			isa = PBXResourcesBuildPhase;
			buildActionMask = 2147483647;
			files = (
				9E8496D12B46D97500672529 /* Preview Assets.xcassets in Resources */,
				9E8496CD2B46D97500672529 /* Assets.xcassets in Resources */,
				9EA057EA2B473AD5005239FA /* viagens.json in Resources */,
			);
			runOnlyForDeploymentPostprocessing = 0;
		};
		9E8496D42B46D97500672529 /* Resources */ = {
			isa = PBXResourcesBuildPhase;
			buildActionMask = 2147483647;
			files = (
			);
			runOnlyForDeploymentPostprocessing = 0;
		};
		9E8496DE2B46D97500672529 /* Resources */ = {
			isa = PBXResourcesBuildPhase;
			buildActionMask = 2147483647;
			files = (
			);
			runOnlyForDeploymentPostprocessing = 0;
		};
/* End PBXResourcesBuildPhase section */

/* Begin PBXSourcesBuildPhase section */
		9E8496C12B46D97300672529 /* Sources */ = {
			isa = PBXSourcesBuildPhase;
			buildActionMask = 2147483647;
			files = (
				9EA057F32B4753AF005239FA /* MapView.swift in Sources */,
				9EA057EF2B4743C9005239FA /* HeaderView.swift in Sources */,
				9E8496CB2B46D97300672529 /* ContentView.swift in Sources */,
				9EA057E22B473A44005239FA /* Travel.swift in Sources */,
				9E8496C92B46D97300672529 /* TravelApp.swift in Sources */,
				9EA057DE2B473A21005239FA /* Data.swift in Sources */,
				9EA057F12B4744AE005239FA /* TravelItemView.swift in Sources */,
			);
			runOnlyForDeploymentPostprocessing = 0;
		};
		9E8496D22B46D97500672529 /* Sources */ = {
			isa = PBXSourcesBuildPhase;
			buildActionMask = 2147483647;
			files = (
				9EA057E32B473A44005239FA /* Travel.swift in Sources */,
				9EA057DF2B473A21005239FA /* Data.swift in Sources */,
				9E8496DB2B46D97500672529 /* TravelTests.swift in Sources */,
			);
			runOnlyForDeploymentPostprocessing = 0;
		};
		9E8496DC2B46D97500672529 /* Sources */ = {
			isa = PBXSourcesBuildPhase;
			buildActionMask = 2147483647;
			files = (
				9E8496E72B46D97500672529 /* TravelUITestsLaunchTests.swift in Sources */,
				9EA057E42B473A44005239FA /* Travel.swift in Sources */,
				9E8496E52B46D97500672529 /* TravelUITests.swift in Sources */,
				9EA057E02B473A21005239FA /* Data.swift in Sources */,
			);
			runOnlyForDeploymentPostprocessing = 0;
		};
/* End PBXSourcesBuildPhase section */

/* Begin PBXTargetDependency section */
		9E8496D82B46D97500672529 /* PBXTargetDependency */ = {
			isa = PBXTargetDependency;
			target = 9E8496C42B46D97300672529 /* Travel */;
			targetProxy = 9E8496D72B46D97500672529 /* PBXContainerItemProxy */;
		};
		9E8496E22B46D97500672529 /* PBXTargetDependency */ = {
			isa = PBXTargetDependency;
			target = 9E8496C42B46D97300672529 /* Travel */;
			targetProxy = 9E8496E12B46D97500672529 /* PBXContainerItemProxy */;
		};
/* End PBXTargetDependency section */

/* Begin XCBuildConfiguration section */
		9E8496E82B46D97500672529 /* Debug */ = {
			isa = XCBuildConfiguration;
			buildSettings = {
				ALWAYS_SEARCH_USER_PATHS = NO;
				ASSETCATALOG_COMPILER_GENERATE_SWIFT_ASSET_SYMBOL_EXTENSIONS = YES;
				CLANG_ANALYZER_NONNULL = YES;
				CLANG_ANALYZER_NUMBER_OBJECT_CONVERSION = YES_AGGRESSIVE;
				CLANG_CXX_LANGUAGE_STANDARD = "gnu++20";
				CLANG_ENABLE_MODULES = YES;
				CLANG_ENABLE_OBJC_ARC = YES;
				CLANG_ENABLE_OBJC_WEAK = YES;
				CLANG_WARN_BLOCK_CAPTURE_AUTORELEASING = YES;
				CLANG_WARN_BOOL_CONVERSION = YES;
				CLANG_WARN_COMMA = YES;
				CLANG_WARN_CONSTANT_CONVERSION = YES;
				CLANG_WARN_DEPRECATED_OBJC_IMPLEMENTATIONS = YES;
				CLANG_WARN_DIRECT_OBJC_ISA_USAGE = YES_ERROR;
				CLANG_WARN_DOCUMENTATION_COMMENTS = YES;
				CLANG_WARN_EMPTY_BODY = YES;
				CLANG_WARN_ENUM_CONVERSION = YES;
				CLANG_WARN_INFINITE_RECURSION = YES;
				CLANG_WARN_INT_CONVERSION = YES;
				CLANG_WARN_NON_LITERAL_NULL_CONVERSION = YES;
				CLANG_WARN_OBJC_IMPLICIT_RETAIN_SELF = YES;
				CLANG_WARN_OBJC_LITERAL_CONVERSION = YES;
				CLANG_WARN_OBJC_ROOT_CLASS = YES_ERROR;
				CLANG_WARN_QUOTED_INCLUDE_IN_FRAMEWORK_HEADER = YES;
				CLANG_WARN_RANGE_LOOP_ANALYSIS = YES;
				CLANG_WARN_STRICT_PROTOTYPES = YES;
				CLANG_WARN_SUSPICIOUS_MOVE = YES;
				CLANG_WARN_UNGUARDED_AVAILABILITY = YES_AGGRESSIVE;
				CLANG_WARN_UNREACHABLE_CODE = YES;
				CLANG_WARN__DUPLICATE_METHOD_MATCH = YES;
				COPY_PHASE_STRIP = NO;
				DEBUG_INFORMATION_FORMAT = dwarf;
				ENABLE_STRICT_OBJC_MSGSEND = YES;
				ENABLE_TESTABILITY = YES;
				ENABLE_USER_SCRIPT_SANDBOXING = YES;
				GCC_C_LANGUAGE_STANDARD = gnu17;
				GCC_DYNAMIC_NO_PIC = NO;
				GCC_NO_COMMON_BLOCKS = YES;
				GCC_OPTIMIZATION_LEVEL = 0;
				GCC_PREPROCESSOR_DEFINITIONS = (
					"DEBUG=1",
					"$(inherited)",
				);
				GCC_WARN_64_TO_32_BIT_CONVERSION = YES;
				GCC_WARN_ABOUT_RETURN_TYPE = YES_ERROR;
				GCC_WARN_UNDECLARED_SELECTOR = YES;
				GCC_WARN_UNINITIALIZED_AUTOS = YES_AGGRESSIVE;
				GCC_WARN_UNUSED_FUNCTION = YES;
				GCC_WARN_UNUSED_VARIABLE = YES;
				LOCALIZATION_PREFERS_STRING_CATALOGS = YES;
				MTL_ENABLE_DEBUG_INFO = INCLUDE_SOURCE;
				MTL_FAST_MATH = YES;
				ONLY_ACTIVE_ARCH = YES;
				SWIFT_ACTIVE_COMPILATION_CONDITIONS = "DEBUG $(inherited)";
				SWIFT_OPTIMIZATION_LEVEL = "-Onone";
			};
			name = Debug;
		};
		9E8496E92B46D97500672529 /* Release */ = {
			isa = XCBuildConfiguration;
			buildSettings = {
				ALWAYS_SEARCH_USER_PATHS = NO;
				ASSETCATALOG_COMPILER_GENERATE_SWIFT_ASSET_SYMBOL_EXTENSIONS = YES;
				CLANG_ANALYZER_NONNULL = YES;
				CLANG_ANALYZER_NUMBER_OBJECT_CONVERSION = YES_AGGRESSIVE;
				CLANG_CXX_LANGUAGE_STANDARD = "gnu++20";
				CLANG_ENABLE_MODULES = YES;
				CLANG_ENABLE_OBJC_ARC = YES;
				CLANG_ENABLE_OBJC_WEAK = YES;
				CLANG_WARN_BLOCK_CAPTURE_AUTORELEASING = YES;
				CLANG_WARN_BOOL_CONVERSION = YES;
				CLANG_WARN_COMMA = YES;
				CLANG_WARN_CONSTANT_CONVERSION = YES;
				CLANG_WARN_DEPRECATED_OBJC_IMPLEMENTATIONS = YES;
				CLANG_WARN_DIRECT_OBJC_ISA_USAGE = YES_ERROR;
				CLANG_WARN_DOCUMENTATION_COMMENTS = YES;
				CLANG_WARN_EMPTY_BODY = YES;
				CLANG_WARN_ENUM_CONVERSION = YES;
				CLANG_WARN_INFINITE_RECURSION = YES;
				CLANG_WARN_INT_CONVERSION = YES;
				CLANG_WARN_NON_LITERAL_NULL_CONVERSION = YES;
				CLANG_WARN_OBJC_IMPLICIT_RETAIN_SELF = YES;
				CLANG_WARN_OBJC_LITERAL_CONVERSION = YES;
				CLANG_WARN_OBJC_ROOT_CLASS = YES_ERROR;
				CLANG_WARN_QUOTED_INCLUDE_IN_FRAMEWORK_HEADER = YES;
				CLANG_WARN_RANGE_LOOP_ANALYSIS = YES;
				CLANG_WARN_STRICT_PROTOTYPES = YES;
				CLANG_WARN_SUSPICIOUS_MOVE = YES;
				CLANG_WARN_UNGUARDED_AVAILABILITY = YES_AGGRESSIVE;
				CLANG_WARN_UNREACHABLE_CODE = YES;
				CLANG_WARN__DUPLICATE_METHOD_MATCH = YES;
				COPY_PHASE_STRIP = NO;
				DEBUG_INFORMATION_FORMAT = "dwarf-with-dsym";
				ENABLE_NS_ASSERTIONS = NO;
				ENABLE_STRICT_OBJC_MSGSEND = YES;
				ENABLE_USER_SCRIPT_SANDBOXING = YES;
				GCC_C_LANGUAGE_STANDARD = gnu17;
				GCC_NO_COMMON_BLOCKS = YES;
				GCC_WARN_64_TO_32_BIT_CONVERSION = YES;
				GCC_WARN_ABOUT_RETURN_TYPE = YES_ERROR;
				GCC_WARN_UNDECLARED_SELECTOR = YES;
				GCC_WARN_UNINITIALIZED_AUTOS = YES_AGGRESSIVE;
				GCC_WARN_UNUSED_FUNCTION = YES;
				GCC_WARN_UNUSED_VARIABLE = YES;
				LOCALIZATION_PREFERS_STRING_CATALOGS = YES;
				MTL_ENABLE_DEBUG_INFO = NO;
				MTL_FAST_MATH = YES;
				SWIFT_COMPILATION_MODE = wholemodule;
			};
			name = Release;
		};
		9E8496EB2B46D97500672529 /* Debug */ = {
			isa = XCBuildConfiguration;
			buildSettings = {
				ASSETCATALOG_COMPILER_APPICON_NAME = AppIcon;
				ASSETCATALOG_COMPILER_GLOBAL_ACCENT_COLOR_NAME = AccentColor;
				CODE_SIGN_ENTITLEMENTS = Travel/Travel.entitlements;
				CODE_SIGN_STYLE = Automatic;
				CURRENT_PROJECT_VERSION = 1;
				DEVELOPMENT_ASSET_PATHS = "\"Travel/Preview Content\"";
				DEVELOPMENT_TEAM = FUQ4LQKC8Z;
				ENABLE_HARDENED_RUNTIME = YES;
				ENABLE_PREVIEWS = YES;
				GENERATE_INFOPLIST_FILE = YES;
				"INFOPLIST_KEY_UIApplicationSceneManifest_Generation[sdk=iphoneos*]" = YES;
				"INFOPLIST_KEY_UIApplicationSceneManifest_Generation[sdk=iphonesimulator*]" = YES;
				"INFOPLIST_KEY_UIApplicationSupportsIndirectInputEvents[sdk=iphoneos*]" = YES;
				"INFOPLIST_KEY_UIApplicationSupportsIndirectInputEvents[sdk=iphonesimulator*]" = YES;
				"INFOPLIST_KEY_UILaunchScreen_Generation[sdk=iphoneos*]" = YES;
				"INFOPLIST_KEY_UILaunchScreen_Generation[sdk=iphonesimulator*]" = YES;
				"INFOPLIST_KEY_UIStatusBarStyle[sdk=iphoneos*]" = UIStatusBarStyleDefault;
				"INFOPLIST_KEY_UIStatusBarStyle[sdk=iphonesimulator*]" = UIStatusBarStyleDefault;
				INFOPLIST_KEY_UISupportedInterfaceOrientations_iPad = "UIInterfaceOrientationPortrait UIInterfaceOrientationPortraitUpsideDown UIInterfaceOrientationLandscapeLeft UIInterfaceOrientationLandscapeRight";
				INFOPLIST_KEY_UISupportedInterfaceOrientations_iPhone = "UIInterfaceOrientationPortrait UIInterfaceOrientationLandscapeLeft UIInterfaceOrientationLandscapeRight";
				IPHONEOS_DEPLOYMENT_TARGET = 17.2;
				LD_RUNPATH_SEARCH_PATHS = "@executable_path/Frameworks";
				"LD_RUNPATH_SEARCH_PATHS[sdk=macosx*]" = "@executable_path/../Frameworks";
				MACOSX_DEPLOYMENT_TARGET = 14.2;
				MARKETING_VERSION = 1.0;
				PRODUCT_BUNDLE_IDENTIFIER = com.personal.Travel.Travel;
				PRODUCT_NAME = "$(TARGET_NAME)";
				SDKROOT = auto;
				SUPPORTED_PLATFORMS = "iphoneos iphonesimulator macosx";
				SWIFT_EMIT_LOC_STRINGS = YES;
				SWIFT_VERSION = 5.0;
				TARGETED_DEVICE_FAMILY = "1,2";
			};
			name = Debug;
		};
		9E8496EC2B46D97500672529 /* Release */ = {
			isa = XCBuildConfiguration;
			buildSettings = {
				ASSETCATALOG_COMPILER_APPICON_NAME = AppIcon;
				ASSETCATALOG_COMPILER_GLOBAL_ACCENT_COLOR_NAME = AccentColor;
				CODE_SIGN_ENTITLEMENTS = Travel/Travel.entitlements;
				CODE_SIGN_STYLE = Automatic;
				CURRENT_PROJECT_VERSION = 1;
				DEVELOPMENT_ASSET_PATHS = "\"Travel/Preview Content\"";
				DEVELOPMENT_TEAM = FUQ4LQKC8Z;
				ENABLE_HARDENED_RUNTIME = YES;
				ENABLE_PREVIEWS = YES;
				GENERATE_INFOPLIST_FILE = YES;
				"INFOPLIST_KEY_UIApplicationSceneManifest_Generation[sdk=iphoneos*]" = YES;
				"INFOPLIST_KEY_UIApplicationSceneManifest_Generation[sdk=iphonesimulator*]" = YES;
				"INFOPLIST_KEY_UIApplicationSupportsIndirectInputEvents[sdk=iphoneos*]" = YES;
				"INFOPLIST_KEY_UIApplicationSupportsIndirectInputEvents[sdk=iphonesimulator*]" = YES;
				"INFOPLIST_KEY_UILaunchScreen_Generation[sdk=iphoneos*]" = YES;
				"INFOPLIST_KEY_UILaunchScreen_Generation[sdk=iphonesimulator*]" = YES;
				"INFOPLIST_KEY_UIStatusBarStyle[sdk=iphoneos*]" = UIStatusBarStyleDefault;
				"INFOPLIST_KEY_UIStatusBarStyle[sdk=iphonesimulator*]" = UIStatusBarStyleDefault;
				INFOPLIST_KEY_UISupportedInterfaceOrientations_iPad = "UIInterfaceOrientationPortrait UIInterfaceOrientationPortraitUpsideDown UIInterfaceOrientationLandscapeLeft UIInterfaceOrientationLandscapeRight";
				INFOPLIST_KEY_UISupportedInterfaceOrientations_iPhone = "UIInterfaceOrientationPortrait UIInterfaceOrientationLandscapeLeft UIInterfaceOrientationLandscapeRight";
				IPHONEOS_DEPLOYMENT_TARGET = 17.2;
				LD_RUNPATH_SEARCH_PATHS = "@executable_path/Frameworks";
				"LD_RUNPATH_SEARCH_PATHS[sdk=macosx*]" = "@executable_path/../Frameworks";
				MACOSX_DEPLOYMENT_TARGET = 14.2;
				MARKETING_VERSION = 1.0;
				PRODUCT_BUNDLE_IDENTIFIER = com.personal.Travel.Travel;
				PRODUCT_NAME = "$(TARGET_NAME)";
				SDKROOT = auto;
				SUPPORTED_PLATFORMS = "iphoneos iphonesimulator macosx";
				SWIFT_EMIT_LOC_STRINGS = YES;
				SWIFT_VERSION = 5.0;
				TARGETED_DEVICE_FAMILY = "1,2";
			};
			name = Release;
		};
		9E8496EE2B46D97500672529 /* Debug */ = {
			isa = XCBuildConfiguration;
			buildSettings = {
				ALWAYS_EMBED_SWIFT_STANDARD_LIBRARIES = YES;
				BUNDLE_LOADER = "$(TEST_HOST)";
				CODE_SIGN_STYLE = Automatic;
				CURRENT_PROJECT_VERSION = 1;
				DEVELOPMENT_TEAM = FUQ4LQKC8Z;
				GENERATE_INFOPLIST_FILE = YES;
				IPHONEOS_DEPLOYMENT_TARGET = 17.2;
				MACOSX_DEPLOYMENT_TARGET = 14.2;
				MARKETING_VERSION = 1.0;
				PRODUCT_BUNDLE_IDENTIFIER = com.personal.Travel.TravelTests;
				PRODUCT_NAME = "$(TARGET_NAME)";
				SDKROOT = auto;
				SUPPORTED_PLATFORMS = "iphoneos iphonesimulator macosx";
				SWIFT_EMIT_LOC_STRINGS = NO;
				SWIFT_VERSION = 5.0;
				TARGETED_DEVICE_FAMILY = "1,2";
				TEST_HOST = "$(BUILT_PRODUCTS_DIR)/Travel.app/$(BUNDLE_EXECUTABLE_FOLDER_PATH)/Travel";
			};
			name = Debug;
		};
		9E8496EF2B46D97500672529 /* Release */ = {
			isa = XCBuildConfiguration;
			buildSettings = {
				ALWAYS_EMBED_SWIFT_STANDARD_LIBRARIES = YES;
				BUNDLE_LOADER = "$(TEST_HOST)";
				CODE_SIGN_STYLE = Automatic;
				CURRENT_PROJECT_VERSION = 1;
				DEVELOPMENT_TEAM = FUQ4LQKC8Z;
				GENERATE_INFOPLIST_FILE = YES;
				IPHONEOS_DEPLOYMENT_TARGET = 17.2;
				MACOSX_DEPLOYMENT_TARGET = 14.2;
				MARKETING_VERSION = 1.0;
				PRODUCT_BUNDLE_IDENTIFIER = com.personal.Travel.TravelTests;
				PRODUCT_NAME = "$(TARGET_NAME)";
				SDKROOT = auto;
				SUPPORTED_PLATFORMS = "iphoneos iphonesimulator macosx";
				SWIFT_EMIT_LOC_STRINGS = NO;
				SWIFT_VERSION = 5.0;
				TARGETED_DEVICE_FAMILY = "1,2";
				TEST_HOST = "$(BUILT_PRODUCTS_DIR)/Travel.app/$(BUNDLE_EXECUTABLE_FOLDER_PATH)/Travel";
			};
			name = Release;
		};
		9E8496F12B46D97500672529 /* Debug */ = {
			isa = XCBuildConfiguration;
			buildSettings = {
				ALWAYS_EMBED_SWIFT_STANDARD_LIBRARIES = YES;
				CODE_SIGN_STYLE = Automatic;
				CURRENT_PROJECT_VERSION = 1;
				DEVELOPMENT_TEAM = FUQ4LQKC8Z;
				GENERATE_INFOPLIST_FILE = YES;
				IPHONEOS_DEPLOYMENT_TARGET = 17.2;
				MACOSX_DEPLOYMENT_TARGET = 14.2;
				MARKETING_VERSION = 1.0;
				PRODUCT_BUNDLE_IDENTIFIER = com.personal.Travel.TravelUITests;
				PRODUCT_NAME = "$(TARGET_NAME)";
				SDKROOT = auto;
				SUPPORTED_PLATFORMS = "iphoneos iphonesimulator macosx";
				SWIFT_EMIT_LOC_STRINGS = NO;
				SWIFT_VERSION = 5.0;
				TARGETED_DEVICE_FAMILY = "1,2";
				TEST_TARGET_NAME = Travel;
			};
			name = Debug;
		};
		9E8496F22B46D97500672529 /* Release */ = {
			isa = XCBuildConfiguration;
			buildSettings = {
				ALWAYS_EMBED_SWIFT_STANDARD_LIBRARIES = YES;
				CODE_SIGN_STYLE = Automatic;
				CURRENT_PROJECT_VERSION = 1;
				DEVELOPMENT_TEAM = FUQ4LQKC8Z;
				GENERATE_INFOPLIST_FILE = YES;
				IPHONEOS_DEPLOYMENT_TARGET = 17.2;
				MACOSX_DEPLOYMENT_TARGET = 14.2;
				MARKETING_VERSION = 1.0;
				PRODUCT_BUNDLE_IDENTIFIER = com.personal.Travel.TravelUITests;
				PRODUCT_NAME = "$(TARGET_NAME)";
				SDKROOT = auto;
				SUPPORTED_PLATFORMS = "iphoneos iphonesimulator macosx";
				SWIFT_EMIT_LOC_STRINGS = NO;
				SWIFT_VERSION = 5.0;
				TARGETED_DEVICE_FAMILY = "1,2";
				TEST_TARGET_NAME = Travel;
			};
			name = Release;
		};
/* End XCBuildConfiguration section */

/* Begin XCConfigurationList section */
		9E8496C02B46D97300672529 /* Build configuration list for PBXProject "Travel" */ = {
			isa = XCConfigurationList;
			buildConfigurations = (
				9E8496E82B46D97500672529 /* Debug */,
				9E8496E92B46D97500672529 /* Release */,
			);
			defaultConfigurationIsVisible = 0;
			defaultConfigurationName = Release;
		};
		9E8496EA2B46D97500672529 /* Build configuration list for PBXNativeTarget "Travel" */ = {
			isa = XCConfigurationList;
			buildConfigurations = (
				9E8496EB2B46D97500672529 /* Debug */,
				9E8496EC2B46D97500672529 /* Release */,
			);
			defaultConfigurationIsVisible = 0;
			defaultConfigurationName = Release;
		};
		9E8496ED2B46D97500672529 /* Build configuration list for PBXNativeTarget "TravelTests" */ = {
			isa = XCConfigurationList;
			buildConfigurations = (
				9E8496EE2B46D97500672529 /* Debug */,
				9E8496EF2B46D97500672529 /* Release */,
			);
			defaultConfigurationIsVisible = 0;
			defaultConfigurationName = Release;
		};
		9E8496F02B46D97500672529 /* Build configuration list for PBXNativeTarget "TravelUITests" */ = {
			isa = XCConfigurationList;
			buildConfigurations = (
				9E8496F12B46D97500672529 /* Debug */,
				9E8496F22B46D97500672529 /* Release */,
			);
			defaultConfigurationIsVisible = 0;
			defaultConfigurationName = Release;
		};
/* End XCConfigurationList section */
	};
	rootObject = 9E8496BD2B46D97300672529 /* Project object */;
}
